
Microsoft Visual Studio Solution File, Format Version 11.00
# Visual Studio 2010
Project("{FAE04EC0-301F-11D3-BF4B-00C04F79EFBC}") = "MoonLib", "MoonLib\MoonLib.csproj", "{110FA44A-5203-4FFC-A302-419E309D0270}"
EndProject
Project("{FAE04EC0-301F-11D3-BF4B-00C04F79EFBC}") = "MoonLibTest", "MoonLibTest\MoonLibTest.csproj", "{D87CA00B-BBDC-48B9-BCA9-BD9D9544BCB9}"
EndProject
Project("{FAE04EC0-301F-11D3-BF4B-00C04F79EFBC}") = "MQClient", "MQClient\MQClient.csproj", "{D922DE15-E941-4491-A685-6C945A3F0A89}"
EndProject
Global
	GlobalSection(SolutionConfigurationPlatforms) = preSolution
		Debug|Any CPU = Debug|Any CPU
		Debug|Mixed Platforms = Debug|Mixed Platforms
		Debug|x86 = Debug|x86
		Release|Any CPU = Release|Any CPU
		Release|Mixed Platforms = Release|Mixed Platforms
		Release|x86 = Release|x86
	EndGlobalSection
	GlobalSection(ProjectConfigurationPlatforms) = postSolution
		{110FA44A-5203-4FFC-A302-419E309D0270}.Debug|Any CPU.ActiveCfg = Debug|Any CPU
		{110FA44A-5203-4FFC-A302-419E309D0270}.Debug|Any CPU.Build.0 = Debug|Any CPU
		{110FA44A-5203-4FFC-A302-419E309D0270}.Debug|Mixed Platforms.ActiveCfg = Debug|Any CPU
		{110FA44A-5203-4FFC-A302-419E309D0270}.Debug|Mixed Platforms.Build.0 = Debug|Any CPU
		{110FA44A-5203-4FFC-A302-419E309D0270}.Debug|x86.ActiveCfg = Debug|Any CPU
		{110FA44A-5203-4FFC-A302-419E309D0270}.Release|Any CPU.ActiveCfg = Release|Any CPU
		{110FA44A-5203-4FFC-A302-419E309D0270}.Release|Any CPU.Build.0 = Release|Any CPU
		{110FA44A-5203-4FFC-A302-419E309D0270}.Release|Mixed Platforms.ActiveCfg = Release|Any CPU
		{110FA44A-5203-4FFC-A302-419E309D0270}.Release|Mixed Platforms.Build.0 = Release|Any CPU
		{110FA44A-5203-4FFC-A302-419E309D0270}.Release|x86.ActiveCfg = Release|Any CPU
		{D87CA00B-BBDC-48B9-BCA9-BD9D9544BCB9}.Debug|Any CPU.ActiveCfg = Debug|x86
		{D87CA00B-BBDC-48B9-BCA9-BD9D9544BCB9}.Debug|Mixed Platforms.ActiveCfg = Debug|x86
		{D87CA00B-BBDC-48B9-BCA9-BD9D9544BCB9}.Debug|Mixed Platforms.Build.0 = Debug|x86
		{D87CA00B-BBDC-48B9-BCA9-BD9D9544BCB9}.Debug|x86.ActiveCfg = Debug|x86
		{D87CA00B-BBDC-48B9-BCA9-BD9D9544BCB9}.Debug|x86.Build.0 = Debug|x86
		{D87CA00B-BBDC-48B9-BCA9-BD9D9544BCB9}.Release|Any CPU.ActiveCfg = Release|x86
		{D87CA00B-BBDC-48B9-BCA9-BD9D9544BCB9}.Release|Mixed Platforms.ActiveCfg = Release|x86
		{D87CA00B-BBDC-48B9-BCA9-BD9D9544BCB9}.Release|Mixed Platforms.Build.0 = Release|x86
		{D87CA00B-BBDC-48B9-BCA9-BD9D9544BCB9}.Release|x86.ActiveCfg = Release|x86
		{D87CA00B-BBDC-48B9-BCA9-BD9D9544BCB9}.Release|x86.Build.0 = Release|x86
		{D922DE15-E941-4491-A685-6C945A3F0A89}.Debug|Any CPU.ActiveCfg = Debug|x86
		{D922DE15-E941-4491-A685-6C945A3F0A89}.Debug|Mixed Platforms.ActiveCfg = Debug|x86
		{D922DE15-E941-4491-A685-6C945A3F0A89}.Debug|Mixed Platforms.Build.0 = Debug|x86
		{D922DE15-E941-4491-A685-6C945A3F0A89}.Debug|x86.ActiveCfg = Debug|x86
		{D922DE15-E941-4491-A685-6C945A3F0A89}.Debug|x86.Build.0 = Debug|x86
		{D922DE15-E941-4491-A685-6C945A3F0A89}.Release|Any CPU.ActiveCfg = Release|x86
		{D922DE15-E941-4491-A685-6C945A3F0A89}.Release|Mixed Platforms.ActiveCfg = Release|x86
		{D922DE15-E941-4491-A685-6C945A3F0A89}.Release|Mixed Platforms.Build.0 = Release|x86
		{D922DE15-E941-4491-A685-6C945A3F0A89}.Release|x86.ActiveCfg = Release|x86
		{D922DE15-E941-4491-A685-6C945A3F0A89}.Release|x86.Build.0 = Release|x86
	EndGlobalSection
	GlobalSection(SolutionProperties) = preSolution
		HideSolutionNode = FALSE
	EndGlobalSection
EndGlobal
